
Microsoft Visual Studio Solution File, Format Version 12.00
Project("{FAE04EC0-301F-11D3-BF4B-00C04F79EFBC}") = "Mission4", "Mission4.csproj", "{DE55DCAB-978D-4BDF-9E07-3988A563C398}"
EndProject
Global
	GlobalSection(SolutionConfigurationPlatforms) = preSolution
		Debug|Any CPU = Debug|Any CPU
		Release|Any CPU = Release|Any CPU
	EndGlobalSection
	GlobalSection(ProjectConfigurationPlatforms) = postSolution
		{DE55DCAB-978D-4BDF-9E07-3988A563C398}.Debug|Any CPU.ActiveCfg = Debug|Any CPU
		{DE55DCAB-978D-4BDF-9E07-3988A563C398}.Debug|Any CPU.Build.0 = Debug|Any CPU
		{DE55DCAB-978D-4BDF-9E07-3988A563C398}.Release|Any CPU.ActiveCfg = Release|Any CPU
		{DE55DCAB-978D-4BDF-9E07-3988A563C398}.Release|Any CPU.Build.0 = Release|Any CPU
	EndGlobalSection
EndGlobal
